<?xml version="1.0" encoding="utf-8"?>
<Project ToolsVersion="4.0" xmlns="http://schemas.microsoft.com/developer/msbuild/2003">
  <ItemGroup>
    <Filter Include="Luxo">
      <UniqueIdentifier>{EDBD887C-D9F4-890D-82E1-6F106EF7050F}</UniqueIdentifier>
    </Filter>
    <Filter Include="Luxo\Events">
      <UniqueIdentifier>{31DD1932-9D92-9227-2687-8CFE923B892B}</UniqueIdentifier>
    </Filter>
  </ItemGroup>
  <ItemGroup>
    <ClInclude Include="src\Luxo.h" />
    <ClInclude Include="src\Luxo\Application.h">
      <Filter>Luxo</Filter>
    </ClInclude>
    <ClInclude Include="src\Luxo\Core.h">
      <Filter>Luxo</Filter>
    </ClInclude>
    <ClInclude Include="src\Luxo\EntryPoint.h">
      <Filter>Luxo</Filter>
    </ClInclude>
    <ClInclude Include="src\Luxo\Events\ApplicationEvent.h">
      <Filter>Luxo\Events</Filter>
    </ClInclude>
    <ClInclude Include="src\Luxo\Events\Event.h">
      <Filter>Luxo\Events</Filter>
    </ClInclude>
    <ClInclude Include="src\Luxo\Events\KeyEvent.h">
      <Filter>Luxo\Events</Filter>
    </ClInclude>
    <ClInclude Include="src\Luxo\Events\MouseEvent.h">
      <Filter>Luxo\Events</Filter>
    </ClInclude>
    <ClInclude Include="src\Luxo\Log.h">
      <Filter>Luxo</Filter>
    </ClInclude>
  </ItemGroup>
  <ItemGroup>
    <ClCompile Include="src\Luxo\Application.cpp">
      <Filter>Luxo</Filter>
    </ClCompile>
    <ClCompile Include="src\Luxo\Log.cpp">
      <Filter>Luxo</Filter>
    </ClCompile>
  </ItemGroup>
</Project>