
Microsoft Visual Studio Solution File, Format Version 12.00
# Visual Studio Version 17
VisualStudioVersion = 17.2.32616.157
MinimumVisualStudioVersion = 10.0.40219.1
Project("{8BC9CEB8-8B4A-11D0-8D11-00A0C91BC942}") = "Sandbox", "Sandbox\Sandbox.vcxproj", "{594F9CF3-5D10-4180-934C-F91032AF5AB9}"
EndProject
Project("{8BC9CEB8-8B4A-11D0-8D11-00A0C91BC942}") = "Luxo", "Luxo\Luxo.vcxproj", "{59963BE8-43DD-49F7-A3F3-157DB9A5B550}"
EndProject
Global
	GlobalSection(SolutionConfigurationPlatforms) = preSolution
		Debug|x64 = Debug|x64
		Release|x64 = Release|x64
	EndGlobalSection
	GlobalSection(ProjectConfigurationPlatforms) = postSolution
		{59963BE8-43DD-49F7-A3F3-157DB9A5B550}.Debug|x64.ActiveCfg = Debug|x64
		{59963BE8-43DD-49F7-A3F3-157DB9A5B550}.Debug|x64.Build.0 = Debug|x64
		{59963BE8-43DD-49F7-A3F3-157DB9A5B550}.Release|x64.ActiveCfg = Release|x64
		{59963BE8-43DD-49F7-A3F3-157DB9A5B550}.Release|x64.Build.0 = Release|x64
		{594F9CF3-5D10-4180-934C-F91032AF5AB9}.Debug|x64.ActiveCfg = Debug|x64
		{594F9CF3-5D10-4180-934C-F91032AF5AB9}.Debug|x64.Build.0 = Debug|x64
		{594F9CF3-5D10-4180-934C-F91032AF5AB9}.Release|x64.ActiveCfg = Release|x64
		{594F9CF3-5D10-4180-934C-F91032AF5AB9}.Release|x64.Build.0 = Release|x64
	EndGlobalSection
	GlobalSection(SolutionProperties) = preSolution
		HideSolutionNode = FALSE
	EndGlobalSection
	GlobalSection(ExtensibilityGlobals) = postSolution
		SolutionGuid = {0BE2A886-31AD-4AB5-A868-BD285C9D0B50}
	EndGlobalSection
EndGlobal
